// !$*UTF8*$!
{
	archiveVersion = 1;
	classes = {
	};
	objectVersion = 50;
	objects = {

/* Begin PBXBuildFile section */
		6C75CABD26206C820053096E /* AppDelegate.swift in Sources */ = {isa = PBXBuildFile; fileRef = 6C75CABC26206C820053096E /* AppDelegate.swift */; };
		6C75CABF26206C820053096E /* SceneDelegate.swift in Sources */ = {isa = PBXBuildFile; fileRef = 6C75CABE26206C820053096E /* SceneDelegate.swift */; };
		6C75CAC126206C820053096E /* ViewController.swift in Sources */ = {isa = PBXBuildFile; fileRef = 6C75CAC026206C820053096E /* ViewController.swift */; };
		6C75CAC426206C820053096E /* Main.storyboard in Resources */ = {isa = PBXBuildFile; fileRef = 6C75CAC226206C820053096E /* Main.storyboard */; };
		6C75CAC626206C8A0053096E /* Assets.xcassets in Resources */ = {isa = PBXBuildFile; fileRef = 6C75CAC526206C8A0053096E /* Assets.xcassets */; };
		6C75CAC926206C8A0053096E /* LaunchScreen.storyboard in Resources */ = {isa = PBXBuildFile; fileRef = 6C75CAC726206C8A0053096E /* LaunchScreen.storyboard */; };
		6C75CAD226206E170053096E /* ResultViewController.swift in Sources */ = {isa = PBXBuildFile; fileRef = 6C75CAD126206E170053096E /* ResultViewController.swift */; };
		6C75CAD7262322460053096E /* image2 in Resources */ = {isa = PBXBuildFile; fileRef = 6C75CAD4262322460053096E /* image2 */; };
		6C75CAD8262322460053096E /* image1 in Resources */ = {isa = PBXBuildFile; fileRef = 6C75CAD5262322460053096E /* image1 */; };
		6C75CAD9262322460053096E /* image3 in Resources */ = {isa = PBXBuildFile; fileRef = 6C75CAD6262322460053096E /* image3 */; };
/* End PBXBuildFile section */

/* Begin PBXFileReference section */
		6C75CAB926206C820053096E /* SlideshowApp.app */ = {isa = PBXFileReference; explicitFileType = wrapper.application; includeInIndex = 0; path = SlideshowApp.app; sourceTree = BUILT_PRODUCTS_DIR; };
		6C75CABC26206C820053096E /* AppDelegate.swift */ = {isa = PBXFileReference; lastKnownFileType = sourcecode.swift; path = AppDelegate.swift; sourceTree = "<group>"; };
		6C75CABE26206C820053096E /* SceneDelegate.swift */ = {isa = PBXFileReference; lastKnownFileType = sourcecode.swift; path = SceneDelegate.swift; sourceTree = "<group>"; };
		6C75CAC026206C820053096E /* ViewController.swift */ = {isa = PBXFileReference; lastKnownFileType = sourcecode.swift; path = ViewController.swift; sourceTree = "<group>"; };
		6C75CAC326206C820053096E /* Base */ = {isa = PBXFileReference; lastKnownFileType = file.storyboard; name = Base; path = Base.lproj/Main.storyboard; sourceTree = "<group>"; };
		6C75CAC526206C8A0053096E /* Assets.xcassets */ = {isa = PBXFileReference; lastKnownFileType = folder.assetcatalog; path = Assets.xcassets; sourceTree = "<group>"; };
		6C75CAC826206C8A0053096E /* Base */ = {isa = PBXFileReference; lastKnownFileType = file.storyboard; name = Base; path = Base.lproj/LaunchScreen.storyboard; sourceTree = "<group>"; };
		6C75CACA26206C8A0053096E /* Info.plist */ = {isa = PBXFileReference; lastKnownFileType = text.plist.xml; path = Info.plist; sourceTree = "<group>"; };
		6C75CAD126206E170053096E /* ResultViewController.swift */ = {isa = PBXFileReference; lastKnownFileType = sourcecode.swift; path = ResultViewController.swift; sourceTree = SOURCE_ROOT; };
		6C75CAD4262322460053096E /* image2 */ = {isa = PBXFileReference; lastKnownFileType = file; path = image2; sourceTree = "<group>"; };
		6C75CAD5262322460053096E /* image1 */ = {isa = PBXFileReference; lastKnownFileType = file; path = image1; sourceTree = "<group>"; };
		6C75CAD6262322460053096E /* image3 */ = {isa = PBXFileReference; lastKnownFileType = file; path = image3; sourceTree = "<group>"; };
/* End PBXFileReference section */

/* Begin PBXFrameworksBuildPhase section */
		6C75CAB626206C820053096E /* Frameworks */ = {
			isa = PBXFrameworksBuildPhase;
			buildActionMask = 2147483647;
			files = (
			);
			runOnlyForDeploymentPostprocessing = 0;
		};
/* End PBXFrameworksBuildPhase section */

/* Begin PBXGroup section */
		6C75CAB026206C820053096E = {
			isa = PBXGroup;
			children = (
				6C75CABB26206C820053096E /* SlideshowApp */,
				6C75CABA26206C820053096E /* Products */,
			);
			sourceTree = "<group>";
		};
		6C75CABA26206C820053096E /* Products */ = {
			isa = PBXGroup;
			children = (
				6C75CAB926206C820053096E /* SlideshowApp.app */,
			);
			name = Products;
			sourceTree = "<group>";
		};
		6C75CABB26206C820053096E /* SlideshowApp */ = {
			isa = PBXGroup;
			children = (
				6C75CABC26206C820053096E /* AppDelegate.swift */,
				6C75CABE26206C820053096E /* SceneDelegate.swift */,
				6C75CAC026206C820053096E /* ViewController.swift */,
				6C75CAD126206E170053096E /* ResultViewController.swift */,
				6C75CAC226206C820053096E /* Main.storyboard */,
				6C75CAC526206C8A0053096E /* Assets.xcassets */,
				6C75CAD5262322460053096E /* image1 */,
				6C75CAD4262322460053096E /* image2 */,
				6C75CAD6262322460053096E /* image3 */,
				6C75CAC726206C8A0053096E /* LaunchScreen.storyboard */,
				6C75CACA26206C8A0053096E /* Info.plist */,
			);
			path = SlideshowApp;
			sourceTree = "<group>";
		};
/* End PBXGroup section */

/* Begin PBXNativeTarget section */
		6C75CAB826206C820053096E /* SlideshowApp */ = {
			isa = PBXNativeTarget;
			buildConfigurationList = 6C75CACD26206C8A0053096E /* Build configuration list for PBXNativeTarget "SlideshowApp" */;
			buildPhases = (
				6C75CAB526206C820053096E /* Sources */,
				6C75CAB626206C820053096E /* Frameworks */,
				6C75CAB726206C820053096E /* Resources */,
			);
			buildRules = (
			);
			dependencies = (
			);
			name = SlideshowApp;
			productName = SlideshowApp;
			productReference = 6C75CAB926206C820053096E /* SlideshowApp.app */;
			productType = "com.apple.product-type.application";
		};
/* End PBXNativeTarget section */

/* Begin PBXProject section */
		6C75CAB126206C820053096E /* Project object */ = {
			isa = PBXProject;
			attributes = {
				LastSwiftUpdateCheck = 1220;
				LastUpgradeCheck = 1220;
				TargetAttributes = {
					6C75CAB826206C820053096E = {
						CreatedOnToolsVersion = 12.2;
					};
				};
			};
			buildConfigurationList = 6C75CAB426206C820053096E /* Build configuration list for PBXProject "SlideshowApp" */;
			compatibilityVersion = "Xcode 9.3";
			developmentRegion = en;
			hasScannedForEncodings = 0;
			knownRegions = (
				en,
				Base,
			);
			mainGroup = 6C75CAB026206C820053096E;
			productRefGroup = 6C75CABA26206C820053096E /* Products */;
			projectDirPath = "";
			projectRoot = "";
			targets = (
				6C75CAB826206C820053096E /* SlideshowApp */,
			);
		};
/* End PBXProject section */

/* Begin PBXResourcesBuildPhase section */
		6C75CAB726206C820053096E /* Resources */ = {
			isa = PBXResourcesBuildPhase;
			buildActionMask = 2147483647;
			files = (
				6C75CAC926206C8A0053096E /* LaunchScreen.storyboard in Resources */,
				6C75CAD7262322460053096E /* image2 in Resources */,
				6C75CAD9262322460053096E /* image3 in Resources */,
				6C75CAC626206C8A0053096E /* Assets.xcassets in Resources */,
				6C75CAD8262322460053096E /* image1 in Resources */,
				6C75CAC426206C820053096E /* Main.storyboard in Resources */,
			);
			runOnlyForDeploymentPostprocessing = 0;
		};
/* End PBXResourcesBuildPhase section */

/* Begin PBXSourcesBuildPhase section */
		6C75CAB526206C820053096E /* Sources */ = {
			isa = PBXSourcesBuildPhase;
			buildActionMask = 2147483647;
			files = (
				6C75CAC126206C820053096E /* ViewController.swift in Sources */,
				6C75CABD26206C820053096E /* AppDelegate.swift in Sources */,
				6C75CABF26206C820053096E /* SceneDelegate.swift in Sources */,
				6C75CAD226206E170053096E /* ResultViewController.swift in Sources */,
			);
			runOnlyForDeploymentPostprocessing = 0;
		};
/* End PBXSourcesBuildPhase section */

/* Begin PBXVariantGroup section */
		6C75CAC226206C820053096E /* Main.storyboard */ = {
			isa = PBXVariantGroup;
			children = (
				6C75CAC326206C820053096E /* Base */,
			);
			name = Main.storyboard;
			sourceTree = "<group>";
		};
		6C75CAC726206C8A0053096E /* LaunchScreen.storyboard */ = {
			isa = PBXVariantGroup;
			children = (
				6C75CAC826206C8A0053096E /* Base */,
			);
			name = LaunchScreen.storyboard;
			sourceTree = "<group>";
		};
/* End PBXVariantGroup section */

/* Begin XCBuildConfiguration section */
		6C75CACB26206C8A0053096E /* Debug */ = {
			isa = XCBuildConfiguration;
			buildSettings = {
				ALWAYS_SEARCH_USER_PATHS = NO;
				CLANG_ANALYZER_NONNULL = YES;
				CLANG_ANALYZER_NUMBER_OBJECT_CONVERSION = YES_AGGRESSIVE;
				CLANG_CXX_LANGUAGE_STANDARD = "gnu++14";
				CLANG_CXX_LIBRARY = "libc++";
				CLANG_ENABLE_MODULES = YES;
				CLANG_ENABLE_OBJC_ARC = YES;
				CLANG_ENABLE_OBJC_WEAK = YES;
				CLANG_WARN_BLOCK_CAPTURE_AUTORELEASING = YES;
				CLANG_WARN_BOOL_CONVERSION = YES;
				CLANG_WARN_COMMA = YES;
				CLANG_WARN_CONSTANT_CONVERSION = YES;
				CLANG_WARN_DEPRECATED_OBJC_IMPLEMENTATIONS = YES;
				CLANG_WARN_DIRECT_OBJC_ISA_USAGE = YES_ERROR;
				CLANG_WARN_DOCUMENTATION_COMMENTS = YES;
				CLANG_WARN_EMPTY_BODY = YES;
				CLANG_WARN_ENUM_CONVERSION = YES;
				CLANG_WARN_INFINITE_RECURSION = YES;
				CLANG_WARN_INT_CONVERSION = YES;
				CLANG_WARN_NON_LITERAL_NULL_CONVERSION = YES;
				CLANG_WARN_OBJC_IMPLICIT_RETAIN_SELF = YES;
				CLANG_WARN_OBJC_LITERAL_CONVERSION = YES;
				CLANG_WARN_OBJC_ROOT_CLASS = YES_ERROR;
				CLANG_WARN_QUOTED_INCLUDE_IN_FRAMEWORK_HEADER = YES;
				CLANG_WARN_RANGE_LOOP_ANALYSIS = YES;
				CLANG_WARN_STRICT_PROTOTYPES = YES;
				CLANG_WARN_SUSPICIOUS_MOVE = YES;
				CLANG_WARN_UNGUARDED_AVAILABILITY = YES_AGGRESSIVE;
				CLANG_WARN_UNREACHABLE_CODE = YES;
				CLANG_WARN__DUPLICATE_METHOD_MATCH = YES;
				COPY_PHASE_STRIP = NO;
				DEBUG_INFORMATION_FORMAT = dwarf;
				ENABLE_STRICT_OBJC_MSGSEND = YES;
				ENABLE_TESTABILITY = YES;
				GCC_C_LANGUAGE_STANDARD = gnu11;
				GCC_DYNAMIC_NO_PIC = NO;
				GCC_NO_COMMON_BLOCKS = YES;
				GCC_OPTIMIZATION_LEVEL = 0;
				GCC_PREPROCESSOR_DEFINITIONS = (
					"DEBUG=1",
					"$(inherited)",
				);
				GCC_WARN_64_TO_32_BIT_CONVERSION = YES;
				GCC_WARN_ABOUT_RETURN_TYPE = YES_ERROR;
				GCC_WARN_UNDECLARED_SELECTOR = YES;
				GCC_WARN_UNINITIALIZED_AUTOS = YES_AGGRESSIVE;
				GCC_WARN_UNUSED_FUNCTION = YES;
				GCC_WARN_UNUSED_VARIABLE = YES;
				IPHONEOS_DEPLOYMENT_TARGET = 14.2;
				MTL_ENABLE_DEBUG_INFO = INCLUDE_SOURCE;
				MTL_FAST_MATH = YES;
				ONLY_ACTIVE_ARCH = YES;
				SDKROOT = iphoneos;
				SWIFT_ACTIVE_COMPILATION_CONDITIONS = DEBUG;
				SWIFT_OPTIMIZATION_LEVEL = "-Onone";
			};
			name = Debug;
		};
		6C75CACC26206C8A0053096E /* Release */ = {
			isa = XCBuildConfiguration;
			buildSettings = {
				ALWAYS_SEARCH_USER_PATHS = NO;
				CLANG_ANALYZER_NONNULL = YES;
				CLANG_ANALYZER_NUMBER_OBJECT_CONVERSION = YES_AGGRESSIVE;
				CLANG_CXX_LANGUAGE_STANDARD = "gnu++14";
				CLANG_CXX_LIBRARY = "libc++";
				CLANG_ENABLE_MODULES = YES;
				CLANG_ENABLE_OBJC_ARC = YES;
				CLANG_ENABLE_OBJC_WEAK = YES;
				CLANG_WARN_BLOCK_CAPTURE_AUTORELEASING = YES;
				CLANG_WARN_BOOL_CONVERSION = YES;
				CLANG_WARN_COMMA = YES;
				CLANG_WARN_CONSTANT_CONVERSION = YES;
				CLANG_WARN_DEPRECATED_OBJC_IMPLEMENTATIONS = YES;
				CLANG_WARN_DIRECT_OBJC_ISA_USAGE = YES_ERROR;
				CLANG_WARN_DOCUMENTATION_COMMENTS = YES;
				CLANG_WARN_EMPTY_BODY = YES;
				CLANG_WARN_ENUM_CONVERSION = YES;
				CLANG_WARN_INFINITE_RECURSION = YES;
				CLANG_WARN_INT_CONVERSION = YES;
				CLANG_WARN_NON_LITERAL_NULL_CONVERSION = YES;
				CLANG_WARN_OBJC_IMPLICIT_RETAIN_SELF = YES;
				CLANG_WARN_OBJC_LITERAL_CONVERSION = YES;
				CLANG_WARN_OBJC_ROOT_CLASS = YES_ERROR;
				CLANG_WARN_QUOTED_INCLUDE_IN_FRAMEWORK_HEADER = YES;
				CLANG_WARN_RANGE_LOOP_ANALYSIS = YES;
				CLANG_WARN_STRICT_PROTOTYPES = YES;
				CLANG_WARN_SUSPICIOUS_MOVE = YES;
				CLANG_WARN_UNGUARDED_AVAILABILITY = YES_AGGRESSIVE;
				CLANG_WARN_UNREACHABLE_CODE = YES;
				CLANG_WARN__DUPLICATE_METHOD_MATCH = YES;
				COPY_PHASE_STRIP = NO;
				DEBUG_INFORMATION_FORMAT = "dwarf-with-dsym";
				ENABLE_NS_ASSERTIONS = NO;
				ENABLE_STRICT_OBJC_MSGSEND = YES;
				GCC_C_LANGUAGE_STANDARD = gnu11;
				GCC_NO_COMMON_BLOCKS = YES;
				GCC_WARN_64_TO_32_BIT_CONVERSION = YES;
				GCC_WARN_ABOUT_RETURN_TYPE = YES_ERROR;
				GCC_WARN_UNDECLARED_SELECTOR = YES;
				GCC_WARN_UNINITIALIZED_AUTOS = YES_AGGRESSIVE;
				GCC_WARN_UNUSED_FUNCTION = YES;
				GCC_WARN_UNUSED_VARIABLE = YES;
				IPHONEOS_DEPLOYMENT_TARGET = 14.2;
				MTL_ENABLE_DEBUG_INFO = NO;
				MTL_FAST_MATH = YES;
				SDKROOT = iphoneos;
				SWIFT_COMPILATION_MODE = wholemodule;
				SWIFT_OPTIMIZATION_LEVEL = "-O";
				VALIDATE_PRODUCT = YES;
			};
			name = Release;
		};
		6C75CACE26206C8A0053096E /* Debug */ = {
			isa = XCBuildConfiguration;
			buildSettings = {
				ASSETCATALOG_COMPILER_APPICON_NAME = AppIcon;
				ASSETCATALOG_COMPILER_GLOBAL_ACCENT_COLOR_NAME = AccentColor;
				CODE_SIGN_STYLE = Automatic;
				INFOPLIST_FILE = SlideshowApp/Info.plist;
				LD_RUNPATH_SEARCH_PATHS = (
					"$(inherited)",
					"@executable_path/Frameworks",
				);
				PRODUCT_BUNDLE_IDENTIFIER = jp.techacademy.kazuki.miki.SlideshowApp;
				PRODUCT_NAME = "$(TARGET_NAME)";
				SWIFT_VERSION = 5.0;
				TARGETED_DEVICE_FAMILY = "1,2";
			};
			name = Debug;
		};
		6C75CACF26206C8A0053096E /* Release */ = {
			isa = XCBuildConfiguration;
			buildSettings = {
				ASSETCATALOG_COMPILER_APPICON_NAME = AppIcon;
				ASSETCATALOG_COMPILER_GLOBAL_ACCENT_COLOR_NAME = AccentColor;
				CODE_SIGN_STYLE = Automatic;
				INFOPLIST_FILE = SlideshowApp/Info.plist;
				LD_RUNPATH_SEARCH_PATHS = (
					"$(inherited)",
					"@executable_path/Frameworks",
				);
				PRODUCT_BUNDLE_IDENTIFIER = jp.techacademy.kazuki.miki.SlideshowApp;
				PRODUCT_NAME = "$(TARGET_NAME)";
				SWIFT_VERSION = 5.0;
				TARGETED_DEVICE_FAMILY = "1,2";
			};
			name = Release;
		};
/* End XCBuildConfiguration section */

/* Begin XCConfigurationList section */
		6C75CAB426206C820053096E /* Build configuration list for PBXProject "SlideshowApp" */ = {
			isa = XCConfigurationList;
			buildConfigurations = (
				6C75CACB26206C8A0053096E /* Debug */,
				6C75CACC26206C8A0053096E /* Release */,
			);
			defaultConfigurationIsVisible = 0;
			defaultConfigurationName = Release;
		};
		6C75CACD26206C8A0053096E /* Build configuration list for PBXNativeTarget "SlideshowApp" */ = {
			isa = XCConfigurationList;
			buildConfigurations = (
				6C75CACE26206C8A0053096E /* Debug */,
				6C75CACF26206C8A0053096E /* Release */,
			);
			defaultConfigurationIsVisible = 0;
			defaultConfigurationName = Release;
		};
/* End XCConfigurationList section */
	};
	rootObject = 6C75CAB126206C820053096E /* Project object */;
}
